
Microsoft Visual Studio Solution File, Format Version 12.00
# Visual Studio 15
VisualStudioVersion = 15.0.26403.7
MinimumVisualStudioVersion = 10.0.40219.1
Project("{FAE04EC0-301F-11D3-BF4B-00C04F79EFBC}") = "RepairingTheTiles", "RepairingTheTiles\RepairingTheTiles.csproj", "{1D29FA4E-4037-4B08-B716-842DFB78403F}"
EndProject
Project("{FAE04EC0-301F-11D3-BF4B-00C04F79EFBC}") = "Operations", "Operations\Operations.csproj", "{A7CC3589-2D5D-4707-8706-522C813DAC78}"
EndProject
Project("{FAE04EC0-301F-11D3-BF4B-00C04F79EFBC}") = "SmartLilly", "SmartLilly\SmartLilly.csproj", "{06DBCAEC-6595-4D7E-8BF1-63F664D4BF3A}"
EndProject
Project("{FAE04EC0-301F-11D3-BF4B-00C04F79EFBC}") = "Stop", "Stop\Stop.csproj", "{DD35CE64-6948-4136-8B5A-D6D805C97CC8}"
EndProject
Project("{FAE04EC0-301F-11D3-BF4B-00C04F79EFBC}") = "SpecialNumbers", "SpecialNumbers\SpecialNumbers.csproj", "{B78917A8-5263-4295-93B4-1809C9DC4C0D}"
EndProject
Global
	GlobalSection(SolutionConfigurationPlatforms) = preSolution
		Debug|Any CPU = Debug|Any CPU
		Release|Any CPU = Release|Any CPU
	EndGlobalSection
	GlobalSection(ProjectConfigurationPlatforms) = postSolution
		{1D29FA4E-4037-4B08-B716-842DFB78403F}.Debug|Any CPU.ActiveCfg = Debug|Any CPU
		{1D29FA4E-4037-4B08-B716-842DFB78403F}.Debug|Any CPU.Build.0 = Debug|Any CPU
		{1D29FA4E-4037-4B08-B716-842DFB78403F}.Release|Any CPU.ActiveCfg = Release|Any CPU
		{1D29FA4E-4037-4B08-B716-842DFB78403F}.Release|Any CPU.Build.0 = Release|Any CPU
		{A7CC3589-2D5D-4707-8706-522C813DAC78}.Debug|Any CPU.ActiveCfg = Debug|Any CPU
		{A7CC3589-2D5D-4707-8706-522C813DAC78}.Debug|Any CPU.Build.0 = Debug|Any CPU
		{A7CC3589-2D5D-4707-8706-522C813DAC78}.Release|Any CPU.ActiveCfg = Release|Any CPU
		{A7CC3589-2D5D-4707-8706-522C813DAC78}.Release|Any CPU.Build.0 = Release|Any CPU
		{06DBCAEC-6595-4D7E-8BF1-63F664D4BF3A}.Debug|Any CPU.ActiveCfg = Debug|Any CPU
		{06DBCAEC-6595-4D7E-8BF1-63F664D4BF3A}.Debug|Any CPU.Build.0 = Debug|Any CPU
		{06DBCAEC-6595-4D7E-8BF1-63F664D4BF3A}.Release|Any CPU.ActiveCfg = Release|Any CPU
		{06DBCAEC-6595-4D7E-8BF1-63F664D4BF3A}.Release|Any CPU.Build.0 = Release|Any CPU
		{DD35CE64-6948-4136-8B5A-D6D805C97CC8}.Debug|Any CPU.ActiveCfg = Debug|Any CPU
		{DD35CE64-6948-4136-8B5A-D6D805C97CC8}.Debug|Any CPU.Build.0 = Debug|Any CPU
		{DD35CE64-6948-4136-8B5A-D6D805C97CC8}.Release|Any CPU.ActiveCfg = Release|Any CPU
		{DD35CE64-6948-4136-8B5A-D6D805C97CC8}.Release|Any CPU.Build.0 = Release|Any CPU
		{B78917A8-5263-4295-93B4-1809C9DC4C0D}.Debug|Any CPU.ActiveCfg = Debug|Any CPU
		{B78917A8-5263-4295-93B4-1809C9DC4C0D}.Debug|Any CPU.Build.0 = Debug|Any CPU
		{B78917A8-5263-4295-93B4-1809C9DC4C0D}.Release|Any CPU.ActiveCfg = Release|Any CPU
		{B78917A8-5263-4295-93B4-1809C9DC4C0D}.Release|Any CPU.Build.0 = Release|Any CPU
	EndGlobalSection
	GlobalSection(SolutionProperties) = preSolution
		HideSolutionNode = FALSE
	EndGlobalSection
EndGlobal
