
Microsoft Visual Studio Solution File, Format Version 12.00
# Visual Studio 15
VisualStudioVersion = 15.0.26403.0
MinimumVisualStudioVersion = 10.0.40219.1
Project("{FAE04EC0-301F-11D3-BF4B-00C04F79EFBC}") = "Exam2016", "Exam2016\Exam2016.csproj", "{A261B7B9-763C-4113-AEAC-0DE8516E3B55}"
EndProject
Project("{FAE04EC0-301F-11D3-BF4B-00C04F79EFBC}") = "Transport", "Transport\Transport.csproj", "{18B3C676-D2A3-4D3F-AF6D-A50A40A87C10}"
EndProject
Project("{FAE04EC0-301F-11D3-BF4B-00C04F79EFBC}") = "SleepyTom", "SleepyTom\SleepyTom.csproj", "{3E946479-9DE3-49BB-83C2-B6C523042EB5}"
EndProject
Global
	GlobalSection(SolutionConfigurationPlatforms) = preSolution
		Debug|Any CPU = Debug|Any CPU
		Release|Any CPU = Release|Any CPU
	EndGlobalSection
	GlobalSection(ProjectConfigurationPlatforms) = postSolution
		{A261B7B9-763C-4113-AEAC-0DE8516E3B55}.Debug|Any CPU.ActiveCfg = Debug|Any CPU
		{A261B7B9-763C-4113-AEAC-0DE8516E3B55}.Debug|Any CPU.Build.0 = Debug|Any CPU
		{A261B7B9-763C-4113-AEAC-0DE8516E3B55}.Release|Any CPU.ActiveCfg = Release|Any CPU
		{A261B7B9-763C-4113-AEAC-0DE8516E3B55}.Release|Any CPU.Build.0 = Release|Any CPU
		{18B3C676-D2A3-4D3F-AF6D-A50A40A87C10}.Debug|Any CPU.ActiveCfg = Debug|Any CPU
		{18B3C676-D2A3-4D3F-AF6D-A50A40A87C10}.Debug|Any CPU.Build.0 = Debug|Any CPU
		{18B3C676-D2A3-4D3F-AF6D-A50A40A87C10}.Release|Any CPU.ActiveCfg = Release|Any CPU
		{18B3C676-D2A3-4D3F-AF6D-A50A40A87C10}.Release|Any CPU.Build.0 = Release|Any CPU
		{3E946479-9DE3-49BB-83C2-B6C523042EB5}.Debug|Any CPU.ActiveCfg = Debug|Any CPU
		{3E946479-9DE3-49BB-83C2-B6C523042EB5}.Debug|Any CPU.Build.0 = Debug|Any CPU
		{3E946479-9DE3-49BB-83C2-B6C523042EB5}.Release|Any CPU.ActiveCfg = Release|Any CPU
		{3E946479-9DE3-49BB-83C2-B6C523042EB5}.Release|Any CPU.Build.0 = Release|Any CPU
	EndGlobalSection
	GlobalSection(SolutionProperties) = preSolution
		HideSolutionNode = FALSE
	EndGlobalSection
EndGlobal
